
Microsoft Visual Studio Solution File, Format Version 12.00
# Visual Studio Version 17
VisualStudioVersion = 17.8.34330.188
MinimumVisualStudioVersion = 10.0.40219.1
Project("{FAE04EC0-301F-11D3-BF4B-00C04F79EFBC}") = "dice", "dice.csproj", "{120CA964-8D7C-47E1-83BF-6EAC78FFB33E}"
EndProject
Global
	GlobalSection(SolutionConfigurationPlatforms) = preSolution
		Debug|Any CPU = Debug|Any CPU
		Release|Any CPU = Release|Any CPU
	EndGlobalSection
	GlobalSection(ProjectConfigurationPlatforms) = postSolution
		{120CA964-8D7C-47E1-83BF-6EAC78FFB33E}.Debug|Any CPU.ActiveCfg = Debug|Any CPU
		{120CA964-8D7C-47E1-83BF-6EAC78FFB33E}.Debug|Any CPU.Build.0 = Debug|Any CPU
		{120CA964-8D7C-47E1-83BF-6EAC78FFB33E}.Release|Any CPU.ActiveCfg = Release|Any CPU
		{120CA964-8D7C-47E1-83BF-6EAC78FFB33E}.Release|Any CPU.Build.0 = Release|Any CPU
	EndGlobalSection
	GlobalSection(SolutionProperties) = preSolution
		HideSolutionNode = FALSE
	EndGlobalSection
	GlobalSection(ExtensibilityGlobals) = postSolution
		SolutionGuid = {E6FA0D13-1B8C-46FC-BF99-A65549047ADC}
	EndGlobalSection
EndGlobal
